
Microsoft Visual Studio Solution File, Format Version 12.00
# Visual Studio Version 16
VisualStudioVersion = 16.0.30503.244
MinimumVisualStudioVersion = 10.0.40219.1
Project("{FAE04EC0-301F-11D3-BF4B-00C04F79EFBC}") = "dope", "dope\dope.csproj", "{A000722E-85E9-4A82-9D47-110FDC7B3093}"
EndProject
Global
	GlobalSection(SolutionConfigurationPlatforms) = preSolution
		Debug|Any CPU = Debug|Any CPU
		Release|Any CPU = Release|Any CPU
	EndGlobalSection
	GlobalSection(ProjectConfigurationPlatforms) = postSolution
		{A000722E-85E9-4A82-9D47-110FDC7B3093}.Debug|Any CPU.ActiveCfg = Debug|Any CPU
		{A000722E-85E9-4A82-9D47-110FDC7B3093}.Debug|Any CPU.Build.0 = Debug|Any CPU
		{A000722E-85E9-4A82-9D47-110FDC7B3093}.Release|Any CPU.ActiveCfg = Release|Any CPU
		{A000722E-85E9-4A82-9D47-110FDC7B3093}.Release|Any CPU.Build.0 = Release|Any CPU
	EndGlobalSection
	GlobalSection(SolutionProperties) = preSolution
		HideSolutionNode = FALSE
	EndGlobalSection
	GlobalSection(ExtensibilityGlobals) = postSolution
		SolutionGuid = {6A6CE671-A780-4217-805B-712B715A5BE5}
	EndGlobalSection
EndGlobal
